{
  "name": "fruit",
  "version": "1.0.0",
  "lockfileVersion": 1,
  "requires": true,
  "dependencies": {
    "jsbarcode": {
      "version": "3.11.0",
      "resolved": "https://registry.npmjs.org/jsbarcode/-/jsbarcode-3.11.0.tgz",
      "integrity": "sha512-/ozCd7wsa+VIHo9sUc03HneVEQrH7cVWfJolUT/WOW1m8mJ2e3iYZje6C9X3LFHdczlesqFHRpxLtbVsNtjyow=="
    },
    "minimist": {
      "version": "0.0.8",
      "resolved": "https://registry.npmjs.org/minimist/-/minimist-0.0.8.tgz",
      "integrity": "sha1-hX/Kv8M5fSYluCKCYuhqp6ARsF0="
    },
    "mkdirp": {
      "version": "0.5.1",
      "resolved": "https://registry.npmjs.org/mkdirp/-/mkdirp-0.5.1.tgz",
      "integrity": "sha1-MAV0OOrGz3+MR2fzhkjWaX11yQM=",
      "requires": {
        "minimist": "0.0.8"
      }
    },
    "promisefy": {
      "version": "0.3.1",
      "resolved": "https://registry.npmjs.org/promisefy/-/promisefy-0.3.1.tgz",
      "integrity": "sha1-ELgYGbaPs4P2S5JT1eW2eREJMkk=",
      "requires": {
        "mkdirp": "*",
        "q": "*"
      }
    },
    "q": {
      "version": "1.5.1",
      "resolved": "https://registry.npmjs.org/q/-/q-1.5.1.tgz",
      "integrity": "sha1-fjL3W0E4EpHQRhHxvxQQmsAGUdc="
    },
    "vant-weapp": {
      "version": "0.5.20",
      "resolved": "https://registry.npmjs.org/vant-weapp/-/vant-weapp-0.5.20.tgz",
      "integrity": "sha512-/wKZeb9Ke/g0ti45WgIAI+2ZADtgwcRrZ42yP6ODnFFP6csffJcJtFvt69TN3BTVU7bNMiSqlUpT5QGasCtlNg=="
    }
  }
}
